{
  "name": "tunnelapp",
  "version": "0.0.1",
  "lockfileVersion": 1,
  "requires": true,
  "dependencies": {
    "@ionic-native/device-orientation": {
      "version": "4.20.0",
      "resolved": "https://registry.npmjs.org/@ionic-native/device-orientation/-/device-orientation-4.20.0.tgz",
      "integrity": "sha512-FEpBG/GebzdHxlvw8R2TQ3WP+xGBu8GYzf+f+K94tudBScQhcqTZBQnxeUcX4yFzq5/oNDFP1/2h3kW5a1Sacg=="
    },
    "@ionic/core": {
      "version": "4.9.0",
      "resolved": "https://registry.npmjs.org/@ionic/core/-/core-4.9.0.tgz",
      "integrity": "sha512-9RPW4xful+7iLPk48rHHJRS8l/1UfLkWcfPZS5AVHW9yVl90zmHl91E//rk9A2lgkZB9mPDfXlbaxToxr8fZGw==",
      "requires": {
        "ionicons": "^4.6.3",
        "tslib": "^1.10.0"
      }
    },
    "@stencil/core": {
      "version": "1.3.3",
      "resolved": "https://registry.npmjs.org/@stencil/core/-/core-1.3.3.tgz",
      "integrity": "sha512-/vRzeXlWvkvP9RUS11KhCa/tGYvP5DfX4O+nrEji5bp0/4+r7rJ2s7/znCaiJt98ft58bs2bMka5ALbP3xnQUg==",
      "dev": true,
      "requires": {
        "typescript": "3.5.3"
      }
    },
    "ionicons": {
      "version": "4.6.3",
      "resolved": "https://registry.npmjs.org/ionicons/-/ionicons-4.6.3.tgz",
      "integrity": "sha512-cgP+VIr2cTJpMfFyVHTerq6n2jeoiGboVoe3GlaAo5zoSBDAEXORwUZhv6m+lCyxlsHCS3nqPUE+MKyZU71t8Q=="
    },
    "tslib": {
      "version": "1.10.0",
      "resolved": "https://registry.npmjs.org/tslib/-/tslib-1.10.0.tgz",
      "integrity": "sha512-qOebF53frne81cf0S9B41ByenJ3/IuH8yJKngAX35CmiZySA0khhkovshKK+jGCaMnVomla7gVlIcc3EvKPbTQ=="
    },
    "typescript": {
      "version": "3.5.3",
      "resolved": "https://registry.npmjs.org/typescript/-/typescript-3.5.3.tgz",
      "integrity": "sha512-ACzBtm/PhXBDId6a6sDJfroT2pOWt/oOnk4/dElG5G33ZL776N3Y6/6bKZJBFpd+b05F3Ct9qDjMeJmRWtE2/g==",
      "dev": true
    }
  }
}
